
Microsoft Visual Studio Solution File, Format Version 12.00
# Visual Studio Version 17
VisualStudioVersion = 17.3.32825.248
MinimumVisualStudioVersion = 10.0.40219.1
Project("{888888A0-9F3D-457C-B088-3A5042F75D52}") = "PythonApplication25", "PythonApplication25.pyproj", "{2C5C603B-EB68-42AB-9116-0819AC4FB9D4}"
EndProject
Global
	GlobalSection(SolutionConfigurationPlatforms) = preSolution
		Debug|Any CPU = Debug|Any CPU
		Release|Any CPU = Release|Any CPU
	EndGlobalSection
	GlobalSection(ProjectConfigurationPlatforms) = postSolution
		{2C5C603B-EB68-42AB-9116-0819AC4FB9D4}.Debug|Any CPU.ActiveCfg = Debug|Any CPU
		{2C5C603B-EB68-42AB-9116-0819AC4FB9D4}.Release|Any CPU.ActiveCfg = Release|Any CPU
	EndGlobalSection
	GlobalSection(SolutionProperties) = preSolution
		HideSolutionNode = FALSE
	EndGlobalSection
	GlobalSection(ExtensibilityGlobals) = postSolution
		SolutionGuid = {08C53264-C926-459B-8E87-C2A9B6AF6160}
	EndGlobalSection
EndGlobal
